// !$*UTF8*$!
{
	archiveVersion = 1;
	classes = {
	};
	objectVersion = 46;
	objects = {

/* Begin PBXBuildFile section */
		0F0907CC1D1CE54C0092C06E /* SXTBaseViewController.m in Sources */ = {isa = PBXBuildFile; fileRef = 0F0907CB1D1CE54C0092C06E /* SXTBaseViewController.m */; };
		0F0907CF1D1D163E0092C06E /* SMSTableView.m in Sources */ = {isa = PBXBuildFile; fileRef = 0F0907CE1D1D163E0092C06E /* SMSTableView.m */; };
		0F0907D31D1D229A0092C06E /* SMSSingleTableViewCell.m in Sources */ = {isa = PBXBuildFile; fileRef = 0F0907D21D1D229A0092C06E /* SMSSingleTableViewCell.m */; };
		0F0907D61D1D22B00092C06E /* SMSGreoupTableViewCell.m in Sources */ = {isa = PBXBuildFile; fileRef = 0F0907D51D1D22B00092C06E /* SMSGreoupTableViewCell.m */; };
		0F1351461D1E85F50082AACA /* UIViewController+CategoryFangFa.m in Sources */ = {isa = PBXBuildFile; fileRef = 0F1351451D1E85F50082AACA /* UIViewController+CategoryFangFa.m */; };
		0F13514A1D1E8F720082AACA /* SMSScrollModel.m in Sources */ = {isa = PBXBuildFile; fileRef = 0F1351491D1E8F720082AACA /* SMSScrollModel.m */; };
		0F1351501D1E9F460082AACA /* SMSTableliftModel.m in Sources */ = {isa = PBXBuildFile; fileRef = 0F13514F1D1E9F460082AACA /* SMSTableliftModel.m */; };
		0F1351531D1EA4020082AACA /* SMSTableRightModel.m in Sources */ = {isa = PBXBuildFile; fileRef = 0F1351521D1EA4020082AACA /* SMSTableRightModel.m */; };
		0F1351571D20BAC30082AACA /* SMSCollectionView.m in Sources */ = {isa = PBXBuildFile; fileRef = 0F1351561D20BAC30082AACA /* SMSCollectionView.m */; };
		0F13515B1D20BF650082AACA /* CollectionViewCell.m in Sources */ = {isa = PBXBuildFile; fileRef = 0F13515A1D20BF650082AACA /* CollectionViewCell.m */; };
		0F13515F1D20D05A0082AACA /* SMSCollectionModel.m in Sources */ = {isa = PBXBuildFile; fileRef = 0F13515E1D20D05A0082AACA /* SMSCollectionModel.m */; };
		0F1351631D20FA780082AACA /* UIColor+RandomColor.m in Sources */ = {isa = PBXBuildFile; fileRef = 0F1351621D20FA780082AACA /* UIColor+RandomColor.m */; };
		0F1351671D211A340082AACA /* SMSListViewController.m in Sources */ = {isa = PBXBuildFile; fileRef = 0F1351661D211A340082AACA /* SMSListViewController.m */; };
		0F13516A1D21209C0082AACA /* DoubleCollectionViewCell.m in Sources */ = {isa = PBXBuildFile; fileRef = 0F1351691D21209C0082AACA /* DoubleCollectionViewCell.m */; };
		0F1351701D2123F00082AACA /* DoubleCollectionModel.m in Sources */ = {isa = PBXBuildFile; fileRef = 0F13516F1D2123F00082AACA /* DoubleCollectionModel.m */; };
		0F1351731D2124510082AACA /* TopCollectionModel.m in Sources */ = {isa = PBXBuildFile; fileRef = 0F1351721D2124510082AACA /* TopCollectionModel.m */; };
		0F1351771D2225F20082AACA /* SMSDetailedViewController.m in Sources */ = {isa = PBXBuildFile; fileRef = 0F1351761D2225F20082AACA /* SMSDetailedViewController.m */; };
		0F13517B1D2257FB0082AACA /* SMSViewTop.m in Sources */ = {isa = PBXBuildFile; fileRef = 0F13517A1D2257FB0082AACA /* SMSViewTop.m */; };
		0F21E2E71D1A312B00811A0B /* chuceView.m in Sources */ = {isa = PBXBuildFile; fileRef = 0F21E2E61D1A312B00811A0B /* chuceView.m */; };
		0F21E2EB1D1A8A6500811A0B /* VerifiViewController.m in Sources */ = {isa = PBXBuildFile; fileRef = 0F21E2EA1D1A8A6500811A0B /* VerifiViewController.m */; };
		0F39F5FB1D113C7700C209DF /* main.m in Sources */ = {isa = PBXBuildFile; fileRef = 0F39F5FA1D113C7700C209DF /* main.m */; };
		0F39F5FE1D113C7700C209DF /* AppDelegate.m in Sources */ = {isa = PBXBuildFile; fileRef = 0F39F5FD1D113C7700C209DF /* AppDelegate.m */; };
		0F39F6091D113C7700C209DF /* LaunchScreen.storyboard in Resources */ = {isa = PBXBuildFile; fileRef = 0F39F6071D113C7700C209DF /* LaunchScreen.storyboard */; };
		0F39F6131D11415E00C209DF /* SMSTabBarViewController.m in Sources */ = {isa = PBXBuildFile; fileRef = 0F39F6121D11415E00C209DF /* SMSTabBarViewController.m */; };
		0F39F6161D11419300C209DF /* SMSNavigationViewController.m in Sources */ = {isa = PBXBuildFile; fileRef = 0F39F6151D11419300C209DF /* SMSNavigationViewController.m */; };
		0F39F6181D11465400C209DF /* TabBarViewController.plist in Resources */ = {isa = PBXBuildFile; fileRef = 0F39F6171D11465400C209DF /* TabBarViewController.plist */; };
		0F39F61F1D1148AF00C209DF /* TimeSaleViewController.m in Sources */ = {isa = PBXBuildFile; fileRef = 0F39F61E1D1148AF00C209DF /* TimeSaleViewController.m */; };
		0F39F6221D1148DC00C209DF /* ShoppingViewController.m in Sources */ = {isa = PBXBuildFile; fileRef = 0F39F6211D1148DC00C209DF /* ShoppingViewController.m */; };
		0F39F6251D1149B800C209DF /* ClassFicationViewController.m in Sources */ = {isa = PBXBuildFile; fileRef = 0F39F6241D1149B800C209DF /* ClassFicationViewController.m */; };
		0F39F6281D1149C600C209DF /* MyViewController.m in Sources */ = {isa = PBXBuildFile; fileRef = 0F39F6271D1149C600C209DF /* MyViewController.m */; };
		0F39F92F1D1255F200C209DF /* Assets.xcassets in Resources */ = {isa = PBXBuildFile; fileRef = 0F39F92E1D1255F200C209DF /* Assets.xcassets */; };
		0F39F9341D12806600C209DF /* SMSViewController.m in Sources */ = {isa = PBXBuildFile; fileRef = 0F39F9331D12806600C209DF /* SMSViewController.m */; };
		0F39F9391D1280FE00C209DF /* inputView.m in Sources */ = {isa = PBXBuildFile; fileRef = 0F39F9381D1280FE00C209DF /* inputView.m */; };
		0F39F93C1D12810C00C209DF /* thirdView.m in Sources */ = {isa = PBXBuildFile; fileRef = 0F39F93B1D12810C00C209DF /* thirdView.m */; };
		0F39F9581D129F8200C209DF /* Info.plist in Resources */ = {isa = PBXBuildFile; fileRef = 0F39F93E1D129F8200C209DF /* Info.plist */; };
		0F39F9591D129F8200C209DF /* MASCompositeConstraint.m in Sources */ = {isa = PBXBuildFile; fileRef = 0F39F9401D129F8200C209DF /* MASCompositeConstraint.m */; };
		0F39F95A1D129F8200C209DF /* MASConstraint.m in Sources */ = {isa = PBXBuildFile; fileRef = 0F39F9431D129F8200C209DF /* MASConstraint.m */; };
		0F39F95B1D129F8200C209DF /* MASConstraintMaker.m in Sources */ = {isa = PBXBuildFile; fileRef = 0F39F9451D129F8200C209DF /* MASConstraintMaker.m */; };
		0F39F95C1D129F8200C209DF /* MASLayoutConstraint.m in Sources */ = {isa = PBXBuildFile; fileRef = 0F39F9471D129F8200C209DF /* MASLayoutConstraint.m */; };
		0F39F95D1D129F8200C209DF /* MASViewAttribute.m in Sources */ = {isa = PBXBuildFile; fileRef = 0F39F94B1D129F8200C209DF /* MASViewAttribute.m */; };
		0F39F95E1D129F8200C209DF /* MASViewConstraint.m in Sources */ = {isa = PBXBuildFile; fileRef = 0F39F94D1D129F8200C209DF /* MASViewConstraint.m */; };
		0F39F95F1D129F8200C209DF /* NSArray+MASAdditions.m in Sources */ = {isa = PBXBuildFile; fileRef = 0F39F94F1D129F8200C209DF /* NSArray+MASAdditions.m */; };
		0F39F9601D129F8200C209DF /* NSLayoutConstraint+MASDebugAdditions.m in Sources */ = {isa = PBXBuildFile; fileRef = 0F39F9521D129F8200C209DF /* NSLayoutConstraint+MASDebugAdditions.m */; };
		0F39F9611D129F8200C209DF /* View+MASAdditions.m in Sources */ = {isa = PBXBuildFile; fileRef = 0F39F9541D129F8200C209DF /* View+MASAdditions.m */; };
		0F39F9621D129F8200C209DF /* ViewController+MASAdditions.m in Sources */ = {isa = PBXBuildFile; fileRef = 0F39F9571D129F8200C209DF /* ViewController+MASAdditions.m */; };
		0F39F9B61D13F2A500C209DF /* SMSBtn.m in Sources */ = {isa = PBXBuildFile; fileRef = 0F39F9B51D13F2A500C209DF /* SMSBtn.m */; };
		0F39F9BB1D1781FD00C209DF /* woDe.plist in Resources */ = {isa = PBXBuildFile; fileRef = 0F39F9BA1D1781FD00C209DF /* woDe.plist */; };
		0F39FA781D19753500C209DF /* RegisteredViewController.m in Sources */ = {isa = PBXBuildFile; fileRef = 0F39FA771D19753500C209DF /* RegisteredViewController.m */; };
		0F816A4D1D1BEA2B003B8768 /* verifiView.m in Sources */ = {isa = PBXBuildFile; fileRef = 0F816A4C1D1BEA2B003B8768 /* verifiView.m */; };
		0F936A491D237D6700D82DB8 /* SMSImageModel.m in Sources */ = {isa = PBXBuildFile; fileRef = 0F936A481D237D6700D82DB8 /* SMSImageModel.m */; };
		0F936A4C1D23AF0B00D82DB8 /* SSCcollectionCell.m in Sources */ = {isa = PBXBuildFile; fileRef = 0F936A4B1D23AF0B00D82DB8 /* SSCcollectionCell.m */; };
		C6614353A7B03010B15DD6AE /* libPods-毕业项目.a in Frameworks */ = {isa = PBXBuildFile; fileRef = D278C3C6DE713AF5C8C7E8E6 /* libPods-毕业项目.a */; };
/* End PBXBuildFile section */

/* Begin PBXFileReference section */
		0C0461DA118E58D7DF8A0460 /* Pods-毕业项目.debug.xcconfig */ = {isa = PBXFileReference; includeInIndex = 1; lastKnownFileType = text.xcconfig; name = "Pods-毕业项目.debug.xcconfig"; path = "Pods/Target Support Files/Pods-毕业项目/Pods-毕业项目.debug.xcconfig"; sourceTree = "<group>"; };
		0F0907CA1D1CE54C0092C06E /* SXTBaseViewController.h */ = {isa = PBXFileReference; fileEncoding = 4; lastKnownFileType = sourcecode.c.h; path = SXTBaseViewController.h; sourceTree = "<group>"; };
		0F0907CB1D1CE54C0092C06E /* SXTBaseViewController.m */ = {isa = PBXFileReference; fileEncoding = 4; lastKnownFileType = sourcecode.c.objc; path = SXTBaseViewController.m; sourceTree = "<group>"; };
		0F0907CD1D1D163E0092C06E /* SMSTableView.h */ = {isa = PBXFileReference; fileEncoding = 4; lastKnownFileType = sourcecode.c.h; path = SMSTableView.h; sourceTree = "<group>"; };
		0F0907CE1D1D163E0092C06E /* SMSTableView.m */ = {isa = PBXFileReference; fileEncoding = 4; lastKnownFileType = sourcecode.c.objc; path = SMSTableView.m; sourceTree = "<group>"; };
		0F0907D11D1D229A0092C06E /* SMSSingleTableViewCell.h */ = {isa = PBXFileReference; fileEncoding = 4; lastKnownFileType = sourcecode.c.h; path = SMSSingleTableViewCell.h; sourceTree = "<group>"; };
		0F0907D21D1D229A0092C06E /* SMSSingleTableViewCell.m */ = {isa = PBXFileReference; fileEncoding = 4; lastKnownFileType = sourcecode.c.objc; path = SMSSingleTableViewCell.m; sourceTree = "<group>"; };
		0F0907D41D1D22B00092C06E /* SMSGreoupTableViewCell.h */ = {isa = PBXFileReference; fileEncoding = 4; lastKnownFileType = sourcecode.c.h; path = SMSGreoupTableViewCell.h; sourceTree = "<group>"; };
		0F0907D51D1D22B00092C06E /* SMSGreoupTableViewCell.m */ = {isa = PBXFileReference; fileEncoding = 4; lastKnownFileType = sourcecode.c.objc; path = SMSGreoupTableViewCell.m; sourceTree = "<group>"; };
		0F1351441D1E85F50082AACA /* UIViewController+CategoryFangFa.h */ = {isa = PBXFileReference; fileEncoding = 4; lastKnownFileType = sourcecode.c.h; path = "UIViewController+CategoryFangFa.h"; sourceTree = "<group>"; };
		0F1351451D1E85F50082AACA /* UIViewController+CategoryFangFa.m */ = {isa = PBXFileReference; fileEncoding = 4; lastKnownFileType = sourcecode.c.objc; path = "UIViewController+CategoryFangFa.m"; sourceTree = "<group>"; };
		0F1351481D1E8F720082AACA /* SMSScrollModel.h */ = {isa = PBXFileReference; fileEncoding = 4; lastKnownFileType = sourcecode.c.h; path = SMSScrollModel.h; sourceTree = "<group>"; };
		0F1351491D1E8F720082AACA /* SMSScrollModel.m */ = {isa = PBXFileReference; fileEncoding = 4; lastKnownFileType = sourcecode.c.objc; path = SMSScrollModel.m; sourceTree = "<group>"; };
		0F13514E1D1E9F460082AACA /* SMSTableliftModel.h */ = {isa = PBXFileReference; fileEncoding = 4; lastKnownFileType = sourcecode.c.h; path = SMSTableliftModel.h; sourceTree = "<group>"; };
		0F13514F1D1E9F460082AACA /* SMSTableliftModel.m */ = {isa = PBXFileReference; fileEncoding = 4; lastKnownFileType = sourcecode.c.objc; path = SMSTableliftModel.m; sourceTree = "<group>"; };
		0F1351511D1EA4020082AACA /* SMSTableRightModel.h */ = {isa = PBXFileReference; fileEncoding = 4; lastKnownFileType = sourcecode.c.h; path = SMSTableRightModel.h; sourceTree = "<group>"; };
		0F1351521D1EA4020082AACA /* SMSTableRightModel.m */ = {isa = PBXFileReference; fileEncoding = 4; lastKnownFileType = sourcecode.c.objc; path = SMSTableRightModel.m; sourceTree = "<group>"; };
		0F1351551D20BAC30082AACA /* SMSCollectionView.h */ = {isa = PBXFileReference; fileEncoding = 4; lastKnownFileType = sourcecode.c.h; path = SMSCollectionView.h; sourceTree = "<group>"; };
		0F1351561D20BAC30082AACA /* SMSCollectionView.m */ = {isa = PBXFileReference; fileEncoding = 4; lastKnownFileType = sourcecode.c.objc; path = SMSCollectionView.m; sourceTree = "<group>"; };
		0F1351591D20BF650082AACA /* CollectionViewCell.h */ = {isa = PBXFileReference; fileEncoding = 4; lastKnownFileType = sourcecode.c.h; path = CollectionViewCell.h; sourceTree = "<group>"; };
		0F13515A1D20BF650082AACA /* CollectionViewCell.m */ = {isa = PBXFileReference; fileEncoding = 4; lastKnownFileType = sourcecode.c.objc; path = CollectionViewCell.m; sourceTree = "<group>"; };
		0F13515D1D20D05A0082AACA /* SMSCollectionModel.h */ = {isa = PBXFileReference; fileEncoding = 4; lastKnownFileType = sourcecode.c.h; path = SMSCollectionModel.h; sourceTree = "<group>"; };
		0F13515E1D20D05A0082AACA /* SMSCollectionModel.m */ = {isa = PBXFileReference; fileEncoding = 4; lastKnownFileType = sourcecode.c.objc; path = SMSCollectionModel.m; sourceTree = "<group>"; };
		0F1351611D20FA780082AACA /* UIColor+RandomColor.h */ = {isa = PBXFileReference; fileEncoding = 4; lastKnownFileType = sourcecode.c.h; path = "UIColor+RandomColor.h"; sourceTree = "<group>"; };
		0F1351621D20FA780082AACA /* UIColor+RandomColor.m */ = {isa = PBXFileReference; fileEncoding = 4; lastKnownFileType = sourcecode.c.objc; path = "UIColor+RandomColor.m"; sourceTree = "<group>"; };
		0F1351651D211A340082AACA /* SMSListViewController.h */ = {isa = PBXFileReference; fileEncoding = 4; lastKnownFileType = sourcecode.c.h; path = SMSListViewController.h; sourceTree = "<group>"; };
		0F1351661D211A340082AACA /* SMSListViewController.m */ = {isa = PBXFileReference; fileEncoding = 4; lastKnownFileType = sourcecode.c.objc; path = SMSListViewController.m; sourceTree = "<group>"; };
		0F1351681D21209C0082AACA /* DoubleCollectionViewCell.h */ = {isa = PBXFileReference; fileEncoding = 4; lastKnownFileType = sourcecode.c.h; path = DoubleCollectionViewCell.h; sourceTree = "<group>"; };
		0F1351691D21209C0082AACA /* DoubleCollectionViewCell.m */ = {isa = PBXFileReference; fileEncoding = 4; lastKnownFileType = sourcecode.c.objc; path = DoubleCollectionViewCell.m; sourceTree = "<group>"; };
		0F13516E1D2123F00082AACA /* DoubleCollectionModel.h */ = {isa = PBXFileReference; fileEncoding = 4; lastKnownFileType = sourcecode.c.h; path = DoubleCollectionModel.h; sourceTree = "<group>"; };
		0F13516F1D2123F00082AACA /* DoubleCollectionModel.m */ = {isa = PBXFileReference; fileEncoding = 4; lastKnownFileType = sourcecode.c.objc; path = DoubleCollectionModel.m; sourceTree = "<group>"; };
		0F1351711D2124510082AACA /* TopCollectionModel.h */ = {isa = PBXFileReference; fileEncoding = 4; lastKnownFileType = sourcecode.c.h; path = TopCollectionModel.h; sourceTree = "<group>"; };
		0F1351721D2124510082AACA /* TopCollectionModel.m */ = {isa = PBXFileReference; fileEncoding = 4; lastKnownFileType = sourcecode.c.objc; path = TopCollectionModel.m; sourceTree = "<group>"; };
		0F1351751D2225F20082AACA /* SMSDetailedViewController.h */ = {isa = PBXFileReference; fileEncoding = 4; lastKnownFileType = sourcecode.c.h; path = SMSDetailedViewController.h; sourceTree = "<group>"; };
		0F1351761D2225F20082AACA /* SMSDetailedViewController.m */ = {isa = PBXFileReference; fileEncoding = 4; lastKnownFileType = sourcecode.c.objc; path = SMSDetailedViewController.m; sourceTree = "<group>"; };
		0F1351791D2257FB0082AACA /* SMSViewTop.h */ = {isa = PBXFileReference; fileEncoding = 4; lastKnownFileType = sourcecode.c.h; path = SMSViewTop.h; sourceTree = "<group>"; };
		0F13517A1D2257FB0082AACA /* SMSViewTop.m */ = {isa = PBXFileReference; fileEncoding = 4; lastKnownFileType = sourcecode.c.objc; path = SMSViewTop.m; sourceTree = "<group>"; };
		0F21E2E51D1A312B00811A0B /* chuceView.h */ = {isa = PBXFileReference; fileEncoding = 4; lastKnownFileType = sourcecode.c.h; path = chuceView.h; sourceTree = "<group>"; };
		0F21E2E61D1A312B00811A0B /* chuceView.m */ = {isa = PBXFileReference; fileEncoding = 4; lastKnownFileType = sourcecode.c.objc; path = chuceView.m; sourceTree = "<group>"; };
		0F21E2E91D1A8A6500811A0B /* VerifiViewController.h */ = {isa = PBXFileReference; fileEncoding = 4; lastKnownFileType = sourcecode.c.h; path = VerifiViewController.h; sourceTree = "<group>"; };
		0F21E2EA1D1A8A6500811A0B /* VerifiViewController.m */ = {isa = PBXFileReference; fileEncoding = 4; lastKnownFileType = sourcecode.c.objc; path = VerifiViewController.m; sourceTree = "<group>"; };
		0F39F5F61D113C7700C209DF /* 毕业项目.app */ = {isa = PBXFileReference; explicitFileType = wrapper.application; includeInIndex = 0; path = "毕业项目.app"; sourceTree = BUILT_PRODUCTS_DIR; };
		0F39F5FA1D113C7700C209DF /* main.m */ = {isa = PBXFileReference; lastKnownFileType = sourcecode.c.objc; path = main.m; sourceTree = "<group>"; };
		0F39F5FC1D113C7700C209DF /* AppDelegate.h */ = {isa = PBXFileReference; lastKnownFileType = sourcecode.c.h; path = AppDelegate.h; sourceTree = "<group>"; };
		0F39F5FD1D113C7700C209DF /* AppDelegate.m */ = {isa = PBXFileReference; lastKnownFileType = sourcecode.c.objc; path = AppDelegate.m; sourceTree = "<group>"; };
		0F39F6081D113C7700C209DF /* Base */ = {isa = PBXFileReference; lastKnownFileType = file.storyboard; name = Base; path = Base.lproj/LaunchScreen.storyboard; sourceTree = "<group>"; };
		0F39F60A1D113C7700C209DF /* Info.plist */ = {isa = PBXFileReference; lastKnownFileType = text.plist.xml; path = Info.plist; sourceTree = "<group>"; };
		0F39F6111D11415E00C209DF /* SMSTabBarViewController.h */ = {isa = PBXFileReference; fileEncoding = 4; lastKnownFileType = sourcecode.c.h; path = SMSTabBarViewController.h; sourceTree = "<group>"; };
		0F39F6121D11415E00C209DF /* SMSTabBarViewController.m */ = {isa = PBXFileReference; fileEncoding = 4; lastKnownFileType = sourcecode.c.objc; path = SMSTabBarViewController.m; sourceTree = "<group>"; };
		0F39F6141D11419300C209DF /* SMSNavigationViewController.h */ = {isa = PBXFileReference; fileEncoding = 4; lastKnownFileType = sourcecode.c.h; path = SMSNavigationViewController.h; sourceTree = "<group>"; };
		0F39F6151D11419300C209DF /* SMSNavigationViewController.m */ = {isa = PBXFileReference; fileEncoding = 4; lastKnownFileType = sourcecode.c.objc; path = SMSNavigationViewController.m; sourceTree = "<group>"; };
		0F39F6171D11465400C209DF /* TabBarViewController.plist */ = {isa = PBXFileReference; fileEncoding = 4; lastKnownFileType = text.plist.xml; path = TabBarViewController.plist; sourceTree = "<group>"; };
		0F39F61D1D1148AF00C209DF /* TimeSaleViewController.h */ = {isa = PBXFileReference; fileEncoding = 4; lastKnownFileType = sourcecode.c.h; path = TimeSaleViewController.h; sourceTree = "<group>"; };
		0F39F61E1D1148AF00C209DF /* TimeSaleViewController.m */ = {isa = PBXFileReference; fileEncoding = 4; lastKnownFileType = sourcecode.c.objc; path = TimeSaleViewController.m; sourceTree = "<group>"; };
		0F39F6201D1148DC00C209DF /* ShoppingViewController.h */ = {isa = PBXFileReference; fileEncoding = 4; lastKnownFileType = sourcecode.c.h; path = ShoppingViewController.h; sourceTree = "<group>"; };
		0F39F6211D1148DC00C209DF /* ShoppingViewController.m */ = {isa = PBXFileReference; fileEncoding = 4; lastKnownFileType = sourcecode.c.objc; path = ShoppingViewController.m; sourceTree = "<group>"; };
		0F39F6231D1149B800C209DF /* ClassFicationViewController.h */ = {isa = PBXFileReference; fileEncoding = 4; lastKnownFileType = sourcecode.c.h; path = ClassFicationViewController.h; sourceTree = "<group>"; };
		0F39F6241D1149B800C209DF /* ClassFicationViewController.m */ = {isa = PBXFileReference; fileEncoding = 4; lastKnownFileType = sourcecode.c.objc; path = ClassFicationViewController.m; sourceTree = "<group>"; };
		0F39F6261D1149C600C209DF /* MyViewController.h */ = {isa = PBXFileReference; fileEncoding = 4; lastKnownFileType = sourcecode.c.h; path = MyViewController.h; sourceTree = "<group>"; };
		0F39F6271D1149C600C209DF /* MyViewController.m */ = {isa = PBXFileReference; fileEncoding = 4; lastKnownFileType = sourcecode.c.objc; path = MyViewController.m; sourceTree = "<group>"; };
		0F39F92E1D1255F200C209DF /* Assets.xcassets */ = {isa = PBXFileReference; lastKnownFileType = folder.assetcatalog; path = Assets.xcassets; sourceTree = "<group>"; };
		0F39F9321D12806600C209DF /* SMSViewController.h */ = {isa = PBXFileReference; fileEncoding = 4; lastKnownFileType = sourcecode.c.h; path = SMSViewController.h; sourceTree = "<group>"; };
		0F39F9331D12806600C209DF /* SMSViewController.m */ = {isa = PBXFileReference; fileEncoding = 4; lastKnownFileType = sourcecode.c.objc; path = SMSViewController.m; sourceTree = "<group>"; };
		0F39F9371D1280FE00C209DF /* inputView.h */ = {isa = PBXFileReference; fileEncoding = 4; lastKnownFileType = sourcecode.c.h; path = inputView.h; sourceTree = "<group>"; };
		0F39F9381D1280FE00C209DF /* inputView.m */ = {isa = PBXFileReference; fileEncoding = 4; lastKnownFileType = sourcecode.c.objc; path = inputView.m; sourceTree = "<group>"; };
		0F39F93A1D12810C00C209DF /* thirdView.h */ = {isa = PBXFileReference; fileEncoding = 4; lastKnownFileType = sourcecode.c.h; path = thirdView.h; sourceTree = "<group>"; };
		0F39F93B1D12810C00C209DF /* thirdView.m */ = {isa = PBXFileReference; fileEncoding = 4; lastKnownFileType = sourcecode.c.objc; path = thirdView.m; sourceTree = "<group>"; };
		0F39F93E1D129F8200C209DF /* Info.plist */ = {isa = PBXFileReference; fileEncoding = 4; lastKnownFileType = text.plist.xml; path = Info.plist; sourceTree = "<group>"; };
		0F39F93F1D129F8200C209DF /* MASCompositeConstraint.h */ = {isa = PBXFileReference; fileEncoding = 4; lastKnownFileType = sourcecode.c.h; path = MASCompositeConstraint.h; sourceTree = "<group>"; };
		0F39F9401D129F8200C209DF /* MASCompositeConstraint.m */ = {isa = PBXFileReference; fileEncoding = 4; lastKnownFileType = sourcecode.c.objc; path = MASCompositeConstraint.m; sourceTree = "<group>"; };
		0F39F9411D129F8200C209DF /* MASConstraint+Private.h */ = {isa = PBXFileReference; fileEncoding = 4; lastKnownFileType = sourcecode.c.h; path = "MASConstraint+Private.h"; sourceTree = "<group>"; };
		0F39F9421D129F8200C209DF /* MASConstraint.h */ = {isa = PBXFileReference; fileEncoding = 4; lastKnownFileType = sourcecode.c.h; path = MASConstraint.h; sourceTree = "<group>"; };
		0F39F9431D129F8200C209DF /* MASConstraint.m */ = {isa = PBXFileReference; fileEncoding = 4; lastKnownFileType = sourcecode.c.objc; path = MASConstraint.m; sourceTree = "<group>"; };
		0F39F9441D129F8200C209DF /* MASConstraintMaker.h */ = {isa = PBXFileReference; fileEncoding = 4; lastKnownFileType = sourcecode.c.h; path = MASConstraintMaker.h; sourceTree = "<group>"; };
		0F39F9451D129F8200C209DF /* MASConstraintMaker.m */ = {isa = PBXFileReference; fileEncoding = 4; lastKnownFileType = sourcecode.c.objc; path = MASConstraintMaker.m; sourceTree = "<group>"; };
		0F39F9461D129F8200C209DF /* MASLayoutConstraint.h */ = {isa = PBXFileReference; fileEncoding = 4; lastKnownFileType = sourcecode.c.h; path = MASLayoutConstraint.h; sourceTree = "<group>"; };
		0F39F9471D129F8200C209DF /* MASLayoutConstraint.m */ = {isa = PBXFileReference; fileEncoding = 4; lastKnownFileType = sourcecode.c.objc; path = MASLayoutConstraint.m; sourceTree = "<group>"; };
		0F39F9481D129F8200C209DF /* Masonry.h */ = {isa = PBXFileReference; fileEncoding = 4; lastKnownFileType = sourcecode.c.h; path = Masonry.h; sourceTree = "<group>"; };
		0F39F9491D129F8200C209DF /* MASUtilities.h */ = {isa = PBXFileReference; fileEncoding = 4; lastKnownFileType = sourcecode.c.h; path = MASUtilities.h; sourceTree = "<group>"; };
		0F39F94A1D129F8200C209DF /* MASViewAttribute.h */ = {isa = PBXFileReference; fileEncoding = 4; lastKnownFileType = sourcecode.c.h; path = MASViewAttribute.h; sourceTree = "<group>"; };
		0F39F94B1D129F8200C209DF /* MASViewAttribute.m */ = {isa = PBXFileReference; fileEncoding = 4; lastKnownFileType = sourcecode.c.objc; path = MASViewAttribute.m; sourceTree = "<group>"; };
		0F39F94C1D129F8200C209DF /* MASViewConstraint.h */ = {isa = PBXFileReference; fileEncoding = 4; lastKnownFileType = sourcecode.c.h; path = MASViewConstraint.h; sourceTree = "<group>"; };
		0F39F94D1D129F8200C209DF /* MASViewConstraint.m */ = {isa = PBXFileReference; fileEncoding = 4; lastKnownFileType = sourcecode.c.objc; path = MASViewConstraint.m; sourceTree = "<group>"; };
		0F39F94E1D129F8200C209DF /* NSArray+MASAdditions.h */ = {isa = PBXFileReference; fileEncoding = 4; lastKnownFileType = sourcecode.c.h; path = "NSArray+MASAdditions.h"; sourceTree = "<group>"; };
		0F39F94F1D129F8200C209DF /* NSArray+MASAdditions.m */ = {isa = PBXFileReference; fileEncoding = 4; lastKnownFileType = sourcecode.c.objc; path = "NSArray+MASAdditions.m"; sourceTree = "<group>"; };
		0F39F9501D129F8200C209DF /* NSArray+MASShorthandAdditions.h */ = {isa = PBXFileReference; fileEncoding = 4; lastKnownFileType = sourcecode.c.h; path = "NSArray+MASShorthandAdditions.h"; sourceTree = "<group>"; };
		0F39F9511D129F8200C209DF /* NSLayoutConstraint+MASDebugAdditions.h */ = {isa = PBXFileReference; fileEncoding = 4; lastKnownFileType = sourcecode.c.h; path = "NSLayoutConstraint+MASDebugAdditions.h"; sourceTree = "<group>"; };
		0F39F9521D129F8200C209DF /* NSLayoutConstraint+MASDebugAdditions.m */ = {isa = PBXFileReference; fileEncoding = 4; lastKnownFileType = sourcecode.c.objc; path = "NSLayoutConstraint+MASDebugAdditions.m"; sourceTree = "<group>"; };
		0F39F9531D129F8200C209DF /* View+MASAdditions.h */ = {isa = PBXFileReference; fileEncoding = 4; lastKnownFileType = sourcecode.c.h; path = "View+MASAdditions.h"; sourceTree = "<group>"; };
		0F39F9541D129F8200C209DF /* View+MASAdditions.m */ = {isa = PBXFileReference; fileEncoding = 4; lastKnownFileType = sourcecode.c.objc; path = "View+MASAdditions.m"; sourceTree = "<group>"; };
		0F39F9551D129F8200C209DF /* View+MASShorthandAdditions.h */ = {isa = PBXFileReference; fileEncoding = 4; lastKnownFileType = sourcecode.c.h; path = "View+MASShorthandAdditions.h"; sourceTree = "<group>"; };
		0F39F9561D129F8200C209DF /* ViewController+MASAdditions.h */ = {isa = PBXFileReference; fileEncoding = 4; lastKnownFileType = sourcecode.c.h; path = "ViewController+MASAdditions.h"; sourceTree = "<group>"; };
		0F39F9571D129F8200C209DF /* ViewController+MASAdditions.m */ = {isa = PBXFileReference; fileEncoding = 4; lastKnownFileType = sourcecode.c.objc; path = "ViewController+MASAdditions.m"; sourceTree = "<group>"; };
		0F39F9B41D13F2A500C209DF /* SMSBtn.h */ = {isa = PBXFileReference; fileEncoding = 4; lastKnownFileType = sourcecode.c.h; path = SMSBtn.h; sourceTree = "<group>"; };
		0F39F9B51D13F2A500C209DF /* SMSBtn.m */ = {isa = PBXFileReference; fileEncoding = 4; lastKnownFileType = sourcecode.c.objc; path = SMSBtn.m; sourceTree = "<group>"; };
		0F39F9BA1D1781FD00C209DF /* woDe.plist */ = {isa = PBXFileReference; fileEncoding = 4; lastKnownFileType = text.plist.xml; path = woDe.plist; sourceTree = "<group>"; };
		0F39FA761D19753500C209DF /* RegisteredViewController.h */ = {isa = PBXFileReference; fileEncoding = 4; lastKnownFileType = sourcecode.c.h; path = RegisteredViewController.h; sourceTree = "<group>"; };
		0F39FA771D19753500C209DF /* RegisteredViewController.m */ = {isa = PBXFileReference; fileEncoding = 4; lastKnownFileType = sourcecode.c.objc; path = RegisteredViewController.m; sourceTree = "<group>"; };
		0F816A4B1D1BEA2B003B8768 /* verifiView.h */ = {isa = PBXFileReference; fileEncoding = 4; lastKnownFileType = sourcecode.c.h; path = verifiView.h; sourceTree = "<group>"; };
		0F816A4C1D1BEA2B003B8768 /* verifiView.m */ = {isa = PBXFileReference; fileEncoding = 4; lastKnownFileType = sourcecode.c.objc; path = verifiView.m; sourceTree = "<group>"; };
		0F936A471D237D6700D82DB8 /* SMSImageModel.h */ = {isa = PBXFileReference; fileEncoding = 4; lastKnownFileType = sourcecode.c.h; path = SMSImageModel.h; sourceTree = "<group>"; };
		0F936A481D237D6700D82DB8 /* SMSImageModel.m */ = {isa = PBXFileReference; fileEncoding = 4; lastKnownFileType = sourcecode.c.objc; path = SMSImageModel.m; sourceTree = "<group>"; };
		0F936A4A1D23AF0B00D82DB8 /* SSCcollectionCell.h */ = {isa = PBXFileReference; fileEncoding = 4; lastKnownFileType = sourcecode.c.h; path = SSCcollectionCell.h; sourceTree = "<group>"; };
		0F936A4B1D23AF0B00D82DB8 /* SSCcollectionCell.m */ = {isa = PBXFileReference; fileEncoding = 4; lastKnownFileType = sourcecode.c.objc; path = SSCcollectionCell.m; sourceTree = "<group>"; };
		D278C3C6DE713AF5C8C7E8E6 /* libPods-毕业项目.a */ = {isa = PBXFileReference; explicitFileType = archive.ar; includeInIndex = 0; path = "libPods-毕业项目.a"; sourceTree = BUILT_PRODUCTS_DIR; };
		FEEA405D598D6A5048AD765E /* Pods-毕业项目.release.xcconfig */ = {isa = PBXFileReference; includeInIndex = 1; lastKnownFileType = text.xcconfig; name = "Pods-毕业项目.release.xcconfig"; path = "Pods/Target Support Files/Pods-毕业项目/Pods-毕业项目.release.xcconfig"; sourceTree = "<group>"; };
/* End PBXFileReference section */

/* Begin PBXFrameworksBuildPhase section */
		0F39F5F31D113C7600C209DF /* Frameworks */ = {
			isa = PBXFrameworksBuildPhase;
			buildActionMask = 2147483647;
			files = (
				C6614353A7B03010B15DD6AE /* libPods-毕业项目.a in Frameworks */,
			);
			runOnlyForDeploymentPostprocessing = 0;
		};
/* End PBXFrameworksBuildPhase section */

/* Begin PBXGroup section */
		0F0907D01D1D22780092C06E /* tableViewCell */ = {
			isa = PBXGroup;
			children = (
				0F0907D11D1D229A0092C06E /* SMSSingleTableViewCell.h */,
				0F0907D21D1D229A0092C06E /* SMSSingleTableViewCell.m */,
				0F0907D41D1D22B00092C06E /* SMSGreoupTableViewCell.h */,
				0F0907D51D1D22B00092C06E /* SMSGreoupTableViewCell.m */,
			);
			name = tableViewCell;
			sourceTree = "<group>";
		};
		0F1351471D1E8F0E0082AACA /* Model */ = {
			isa = PBXGroup;
			children = (
				0F1351481D1E8F720082AACA /* SMSScrollModel.h */,
				0F1351491D1E8F720082AACA /* SMSScrollModel.m */,
				0F13514E1D1E9F460082AACA /* SMSTableliftModel.h */,
				0F13514F1D1E9F460082AACA /* SMSTableliftModel.m */,
				0F1351511D1EA4020082AACA /* SMSTableRightModel.h */,
				0F1351521D1EA4020082AACA /* SMSTableRightModel.m */,
			);
			name = Model;
			sourceTree = "<group>";
		};
		0F1351541D20BA720082AACA /* view */ = {
			isa = PBXGroup;
			children = (
				0F1351551D20BAC30082AACA /* SMSCollectionView.h */,
				0F1351561D20BAC30082AACA /* SMSCollectionView.m */,
				0F1351581D20BF4E0082AACA /* collectionCell */,
			);
			name = view;
			sourceTree = "<group>";
		};
		0F1351581D20BF4E0082AACA /* collectionCell */ = {
			isa = PBXGroup;
			children = (
				0F1351591D20BF650082AACA /* CollectionViewCell.h */,
				0F13515A1D20BF650082AACA /* CollectionViewCell.m */,
				0F1351681D21209C0082AACA /* DoubleCollectionViewCell.h */,
				0F1351691D21209C0082AACA /* DoubleCollectionViewCell.m */,
				0F936A4A1D23AF0B00D82DB8 /* SSCcollectionCell.h */,
				0F936A4B1D23AF0B00D82DB8 /* SSCcollectionCell.m */,
			);
			name = collectionCell;
			sourceTree = "<group>";
		};
		0F13515C1D20D0240082AACA /* model */ = {
			isa = PBXGroup;
			children = (
				0F13515D1D20D05A0082AACA /* SMSCollectionModel.h */,
				0F13515E1D20D05A0082AACA /* SMSCollectionModel.m */,
				0F13516E1D2123F00082AACA /* DoubleCollectionModel.h */,
				0F13516F1D2123F00082AACA /* DoubleCollectionModel.m */,
				0F1351711D2124510082AACA /* TopCollectionModel.h */,
				0F1351721D2124510082AACA /* TopCollectionModel.m */,
			);
			name = model;
			sourceTree = "<group>";
		};
		0F1351601D20FA030082AACA /* 工具类 */ = {
			isa = PBXGroup;
			children = (
				0F1351611D20FA780082AACA /* UIColor+RandomColor.h */,
				0F1351621D20FA780082AACA /* UIColor+RandomColor.m */,
			);
			name = "工具类";
			sourceTree = "<group>";
		};
		0F1351641D21195B0082AACA /* 商品列表 */ = {
			isa = PBXGroup;
			children = (
				0F1351651D211A340082AACA /* SMSListViewController.h */,
				0F1351661D211A340082AACA /* SMSListViewController.m */,
			);
			name = "商品列表";
			sourceTree = "<group>";
		};
		0F1351741D2225990082AACA /* 商品详情 */ = {
			isa = PBXGroup;
			children = (
				0F1351751D2225F20082AACA /* SMSDetailedViewController.h */,
				0F1351761D2225F20082AACA /* SMSDetailedViewController.m */,
				0F1351781D2257BC0082AACA /* view */,
				0F936A461D237D3900D82DB8 /* model */,
			);
			name = "商品详情";
			sourceTree = "<group>";
		};
		0F1351781D2257BC0082AACA /* view */ = {
			isa = PBXGroup;
			children = (
				0F1351791D2257FB0082AACA /* SMSViewTop.h */,
				0F13517A1D2257FB0082AACA /* SMSViewTop.m */,
			);
			name = view;
			sourceTree = "<group>";
		};
		0F21E2E81D1A8A1600811A0B /* 验证手机号 */ = {
			isa = PBXGroup;
			children = (
				0F21E2E91D1A8A6500811A0B /* VerifiViewController.h */,
				0F21E2EA1D1A8A6500811A0B /* VerifiViewController.m */,
				0F816A4B1D1BEA2B003B8768 /* verifiView.h */,
				0F816A4C1D1BEA2B003B8768 /* verifiView.m */,
			);
			name = "验证手机号";
			sourceTree = "<group>";
		};
		0F39F5ED1D113C7600C209DF = {
			isa = PBXGroup;
			children = (
				0F39F5F81D113C7700C209DF /* 毕业项目 */,
				0F39F5F71D113C7700C209DF /* Products */,
				655890C73D614AE06E1FAAEA /* Pods */,
				393C7E37FD4F17CD195C009C /* Frameworks */,
			);
			sourceTree = "<group>";
		};
		0F39F5F71D113C7700C209DF /* Products */ = {
			isa = PBXGroup;
			children = (
				0F39F5F61D113C7700C209DF /* 毕业项目.app */,
			);
			name = Products;
			sourceTree = "<group>";
		};
		0F39F5F81D113C7700C209DF /* 毕业项目 */ = {
			isa = PBXGroup;
			children = (
				0F39F5FC1D113C7700C209DF /* AppDelegate.h */,
				0F39F5FD1D113C7700C209DF /* AppDelegate.m */,
				0F1351441D1E85F50082AACA /* UIViewController+CategoryFangFa.h */,
				0F1351451D1E85F50082AACA /* UIViewController+CategoryFangFa.m */,
				0F0907CA1D1CE54C0092C06E /* SXTBaseViewController.h */,
				0F0907CB1D1CE54C0092C06E /* SXTBaseViewController.m */,
				0F39F9301D127DB900C209DF /* 第三方 */,
				0F39F6101D113CFC00C209DF /* 控制器 */,
				0F39F9B01D13D6C000C209DF /* 视图控制器 */,
				0F1351601D20FA030082AACA /* 工具类 */,
				0F39F5F91D113C7700C209DF /* Supporting Files */,
			);
			path = "毕业项目";
			sourceTree = "<group>";
		};
		0F39F5F91D113C7700C209DF /* Supporting Files */ = {
			isa = PBXGroup;
			children = (
				0F39F92E1D1255F200C209DF /* Assets.xcassets */,
				0F39F6071D113C7700C209DF /* LaunchScreen.storyboard */,
				0F39F60A1D113C7700C209DF /* Info.plist */,
				0F39F5FA1D113C7700C209DF /* main.m */,
			);
			name = "Supporting Files";
			sourceTree = "<group>";
		};
		0F39F6101D113CFC00C209DF /* 控制器 */ = {
			isa = PBXGroup;
			children = (
				0F39F6111D11415E00C209DF /* SMSTabBarViewController.h */,
				0F39F6121D11415E00C209DF /* SMSTabBarViewController.m */,
				0F39F6141D11419300C209DF /* SMSNavigationViewController.h */,
				0F39F6151D11419300C209DF /* SMSNavigationViewController.m */,
				0F39F6171D11465400C209DF /* TabBarViewController.plist */,
			);
			name = "控制器";
			sourceTree = "<group>";
		};
		0F39F6191D1147EB00C209DF /* 限时特卖 */ = {
			isa = PBXGroup;
			children = (
				0F39F61D1D1148AF00C209DF /* TimeSaleViewController.h */,
				0F39F61E1D1148AF00C209DF /* TimeSaleViewController.m */,
				0F1351471D1E8F0E0082AACA /* Model */,
				0F39F92D1D12527900C209DF /* View */,
			);
			name = "限时特卖";
			sourceTree = "<group>";
		};
		0F39F61A1D1147FF00C209DF /* 我的 */ = {
			isa = PBXGroup;
			children = (
				0F39F6261D1149C600C209DF /* MyViewController.h */,
				0F39F6271D1149C600C209DF /* MyViewController.m */,
				0F39F9BA1D1781FD00C209DF /* woDe.plist */,
			);
			name = "我的";
			sourceTree = "<group>";
		};
		0F39F61B1D11480600C209DF /* 分类 */ = {
			isa = PBXGroup;
			children = (
				0F39F6231D1149B800C209DF /* ClassFicationViewController.h */,
				0F39F6241D1149B800C209DF /* ClassFicationViewController.m */,
				0F1351541D20BA720082AACA /* view */,
				0F13515C1D20D0240082AACA /* model */,
			);
			name = "分类";
			sourceTree = "<group>";
		};
		0F39F61C1D11480F00C209DF /* 购物车 */ = {
			isa = PBXGroup;
			children = (
				0F39F6201D1148DC00C209DF /* ShoppingViewController.h */,
				0F39F6211D1148DC00C209DF /* ShoppingViewController.m */,
			);
			name = "购物车";
			sourceTree = "<group>";
		};
		0F39F92D1D12527900C209DF /* View */ = {
			isa = PBXGroup;
			children = (
				0F39F9B41D13F2A500C209DF /* SMSBtn.h */,
				0F39F9B51D13F2A500C209DF /* SMSBtn.m */,
				0F0907CD1D1D163E0092C06E /* SMSTableView.h */,
				0F0907CE1D1D163E0092C06E /* SMSTableView.m */,
				0F0907D01D1D22780092C06E /* tableViewCell */,
			);
			name = View;
			sourceTree = "<group>";
		};
		0F39F9301D127DB900C209DF /* 第三方 */ = {
			isa = PBXGroup;
			children = (
				0F39F93D1D129F8200C209DF /* Masonry */,
			);
			name = "第三方";
			sourceTree = "<group>";
		};
		0F39F9311D12804400C209DF /* 登录界面 */ = {
			isa = PBXGroup;
			children = (
				0F21E2E81D1A8A1600811A0B /* 验证手机号 */,
				0F39FA751D1974F900C209DF /* 注册 */,
				0F39FA741D1974E700C209DF /* 登录 */,
				0F39F9361D1280C500C209DF /* view */,
			);
			name = "登录界面";
			sourceTree = "<group>";
		};
		0F39F9361D1280C500C209DF /* view */ = {
			isa = PBXGroup;
			children = (
				0F39F9371D1280FE00C209DF /* inputView.h */,
				0F39F9381D1280FE00C209DF /* inputView.m */,
				0F21E2E51D1A312B00811A0B /* chuceView.h */,
				0F21E2E61D1A312B00811A0B /* chuceView.m */,
				0F39F93A1D12810C00C209DF /* thirdView.h */,
				0F39F93B1D12810C00C209DF /* thirdView.m */,
			);
			name = view;
			sourceTree = "<group>";
		};
		0F39F93D1D129F8200C209DF /* Masonry */ = {
			isa = PBXGroup;
			children = (
				0F39F93E1D129F8200C209DF /* Info.plist */,
				0F39F93F1D129F8200C209DF /* MASCompositeConstraint.h */,
				0F39F9401D129F8200C209DF /* MASCompositeConstraint.m */,
				0F39F9411D129F8200C209DF /* MASConstraint+Private.h */,
				0F39F9421D129F8200C209DF /* MASConstraint.h */,
				0F39F9431D129F8200C209DF /* MASConstraint.m */,
				0F39F9441D129F8200C209DF /* MASConstraintMaker.h */,
				0F39F9451D129F8200C209DF /* MASConstraintMaker.m */,
				0F39F9461D129F8200C209DF /* MASLayoutConstraint.h */,
				0F39F9471D129F8200C209DF /* MASLayoutConstraint.m */,
				0F39F9481D129F8200C209DF /* Masonry.h */,
				0F39F9491D129F8200C209DF /* MASUtilities.h */,
				0F39F94A1D129F8200C209DF /* MASViewAttribute.h */,
				0F39F94B1D129F8200C209DF /* MASViewAttribute.m */,
				0F39F94C1D129F8200C209DF /* MASViewConstraint.h */,
				0F39F94D1D129F8200C209DF /* MASViewConstraint.m */,
				0F39F94E1D129F8200C209DF /* NSArray+MASAdditions.h */,
				0F39F94F1D129F8200C209DF /* NSArray+MASAdditions.m */,
				0F39F9501D129F8200C209DF /* NSArray+MASShorthandAdditions.h */,
				0F39F9511D129F8200C209DF /* NSLayoutConstraint+MASDebugAdditions.h */,
				0F39F9521D129F8200C209DF /* NSLayoutConstraint+MASDebugAdditions.m */,
				0F39F9531D129F8200C209DF /* View+MASAdditions.h */,
				0F39F9541D129F8200C209DF /* View+MASAdditions.m */,
				0F39F9551D129F8200C209DF /* View+MASShorthandAdditions.h */,
				0F39F9561D129F8200C209DF /* ViewController+MASAdditions.h */,
				0F39F9571D129F8200C209DF /* ViewController+MASAdditions.m */,
			);
			path = Masonry;
			sourceTree = "<group>";
		};
		0F39F9B01D13D6C000C209DF /* 视图控制器 */ = {
			isa = PBXGroup;
			children = (
				0F39F6191D1147EB00C209DF /* 限时特卖 */,
				0F39F61B1D11480600C209DF /* 分类 */,
				0F39F61C1D11480F00C209DF /* 购物车 */,
				0F39F61A1D1147FF00C209DF /* 我的 */,
				0F39F9311D12804400C209DF /* 登录界面 */,
				0F1351641D21195B0082AACA /* 商品列表 */,
				0F1351741D2225990082AACA /* 商品详情 */,
			);
			name = "视图控制器";
			sourceTree = "<group>";
		};
		0F39FA741D1974E700C209DF /* 登录 */ = {
			isa = PBXGroup;
			children = (
				0F39F9321D12806600C209DF /* SMSViewController.h */,
				0F39F9331D12806600C209DF /* SMSViewController.m */,
			);
			name = "登录";
			sourceTree = "<group>";
		};
		0F39FA751D1974F900C209DF /* 注册 */ = {
			isa = PBXGroup;
			children = (
				0F39FA761D19753500C209DF /* RegisteredViewController.h */,
				0F39FA771D19753500C209DF /* RegisteredViewController.m */,
			);
			name = "注册";
			sourceTree = "<group>";
		};
		0F936A461D237D3900D82DB8 /* model */ = {
			isa = PBXGroup;
			children = (
				0F936A471D237D6700D82DB8 /* SMSImageModel.h */,
				0F936A481D237D6700D82DB8 /* SMSImageModel.m */,
			);
			name = model;
			sourceTree = "<group>";
		};
		393C7E37FD4F17CD195C009C /* Frameworks */ = {
			isa = PBXGroup;
			children = (
				D278C3C6DE713AF5C8C7E8E6 /* libPods-毕业项目.a */,
			);
			name = Frameworks;
			sourceTree = "<group>";
		};
		655890C73D614AE06E1FAAEA /* Pods */ = {
			isa = PBXGroup;
			children = (
				0C0461DA118E58D7DF8A0460 /* Pods-毕业项目.debug.xcconfig */,
				FEEA405D598D6A5048AD765E /* Pods-毕业项目.release.xcconfig */,
			);
			name = Pods;
			sourceTree = "<group>";
		};
/* End PBXGroup section */

/* Begin PBXNativeTarget section */
		0F39F5F51D113C7600C209DF /* 毕业项目 */ = {
			isa = PBXNativeTarget;
			buildConfigurationList = 0F39F60D1D113C7700C209DF /* Build configuration list for PBXNativeTarget "毕业项目" */;
			buildPhases = (
				D45B645526EF4182A69CF3B6 /* [CP] Check Pods Manifest.lock */,
				0F39F5F21D113C7600C209DF /* Sources */,
				0F39F5F31D113C7600C209DF /* Frameworks */,
				0F39F5F41D113C7600C209DF /* Resources */,
				3AF9270F15ED42855124BD43 /* [CP] Embed Pods Frameworks */,
				5E737E41FE7BC9C1191C41A5 /* [CP] Copy Pods Resources */,
			);
			buildRules = (
			);
			dependencies = (
			);
			name = "毕业项目";
			productName = "毕业项目";
			productReference = 0F39F5F61D113C7700C209DF /* 毕业项目.app */;
			productType = "com.apple.product-type.application";
		};
/* End PBXNativeTarget section */

/* Begin PBXProject section */
		0F39F5EE1D113C7600C209DF /* Project object */ = {
			isa = PBXProject;
			attributes = {
				LastUpgradeCheck = 0730;
				ORGANIZATIONNAME = "北京尚学堂";
				TargetAttributes = {
					0F39F5F51D113C7600C209DF = {
						CreatedOnToolsVersion = 7.3.1;
					};
				};
			};
			buildConfigurationList = 0F39F5F11D113C7600C209DF /* Build configuration list for PBXProject "毕业项目" */;
			compatibilityVersion = "Xcode 3.2";
			developmentRegion = English;
			hasScannedForEncodings = 0;
			knownRegions = (
				en,
				Base,
			);
			mainGroup = 0F39F5ED1D113C7600C209DF;
			productRefGroup = 0F39F5F71D113C7700C209DF /* Products */;
			projectDirPath = "";
			projectRoot = "";
			targets = (
				0F39F5F51D113C7600C209DF /* 毕业项目 */,
			);
		};
/* End PBXProject section */

/* Begin PBXResourcesBuildPhase section */
		0F39F5F41D113C7600C209DF /* Resources */ = {
			isa = PBXResourcesBuildPhase;
			buildActionMask = 2147483647;
			files = (
				0F39F9581D129F8200C209DF /* Info.plist in Resources */,
				0F39F92F1D1255F200C209DF /* Assets.xcassets in Resources */,
				0F39F9BB1D1781FD00C209DF /* woDe.plist in Resources */,
				0F39F6181D11465400C209DF /* TabBarViewController.plist in Resources */,
				0F39F6091D113C7700C209DF /* LaunchScreen.storyboard in Resources */,
			);
			runOnlyForDeploymentPostprocessing = 0;
		};
/* End PBXResourcesBuildPhase section */

/* Begin PBXShellScriptBuildPhase section */
		3AF9270F15ED42855124BD43 /* [CP] Embed Pods Frameworks */ = {
			isa = PBXShellScriptBuildPhase;
			buildActionMask = 2147483647;
			files = (
			);
			inputPaths = (
			);
			name = "[CP] Embed Pods Frameworks";
			outputPaths = (
			);
			runOnlyForDeploymentPostprocessing = 0;
			shellPath = /bin/sh;
			shellScript = "\"${SRCROOT}/Pods/Target Support Files/Pods-毕业项目/Pods-毕业项目-frameworks.sh\"\n";
			showEnvVarsInLog = 0;
		};
		5E737E41FE7BC9C1191C41A5 /* [CP] Copy Pods Resources */ = {
			isa = PBXShellScriptBuildPhase;
			buildActionMask = 2147483647;
			files = (
			);
			inputPaths = (
			);
			name = "[CP] Copy Pods Resources";
			outputPaths = (
			);
			runOnlyForDeploymentPostprocessing = 0;
			shellPath = /bin/sh;
			shellScript = "\"${SRCROOT}/Pods/Target Support Files/Pods-毕业项目/Pods-毕业项目-resources.sh\"\n";
			showEnvVarsInLog = 0;
		};
		D45B645526EF4182A69CF3B6 /* [CP] Check Pods Manifest.lock */ = {
			isa = PBXShellScriptBuildPhase;
			buildActionMask = 2147483647;
			files = (
			);
			inputPaths = (
			);
			name = "[CP] Check Pods Manifest.lock";
			outputPaths = (
			);
			runOnlyForDeploymentPostprocessing = 0;
			shellPath = /bin/sh;
			shellScript = "diff \"${PODS_ROOT}/../Podfile.lock\" \"${PODS_ROOT}/Manifest.lock\" > /dev/null\nif [[ $? != 0 ]] ; then\n    cat << EOM\nerror: The sandbox is not in sync with the Podfile.lock. Run 'pod install' or update your CocoaPods installation.\nEOM\n    exit 1\nfi\n";
			showEnvVarsInLog = 0;
		};
/* End PBXShellScriptBuildPhase section */

/* Begin PBXSourcesBuildPhase section */
		0F39F5F21D113C7600C209DF /* Sources */ = {
			isa = PBXSourcesBuildPhase;
			buildActionMask = 2147483647;
			files = (
				0F0907D61D1D22B00092C06E /* SMSGreoupTableViewCell.m in Sources */,
				0F39F6131D11415E00C209DF /* SMSTabBarViewController.m in Sources */,
				0F39F5FE1D113C7700C209DF /* AppDelegate.m in Sources */,
				0F39F9341D12806600C209DF /* SMSViewController.m in Sources */,
				0F1351571D20BAC30082AACA /* SMSCollectionView.m in Sources */,
				0F39F6281D1149C600C209DF /* MyViewController.m in Sources */,
				0F39F9591D129F8200C209DF /* MASCompositeConstraint.m in Sources */,
				0F13516A1D21209C0082AACA /* DoubleCollectionViewCell.m in Sources */,
				0F39F6161D11419300C209DF /* SMSNavigationViewController.m in Sources */,
				0F936A491D237D6700D82DB8 /* SMSImageModel.m in Sources */,
				0F13514A1D1E8F720082AACA /* SMSScrollModel.m in Sources */,
				0F39F95E1D129F8200C209DF /* MASViewConstraint.m in Sources */,
				0F39F61F1D1148AF00C209DF /* TimeSaleViewController.m in Sources */,
				0F1351701D2123F00082AACA /* DoubleCollectionModel.m in Sources */,
				0F1351501D1E9F460082AACA /* SMSTableliftModel.m in Sources */,
				0F1351531D1EA4020082AACA /* SMSTableRightModel.m in Sources */,
				0F39F9611D129F8200C209DF /* View+MASAdditions.m in Sources */,
				0F39F9601D129F8200C209DF /* NSLayoutConstraint+MASDebugAdditions.m in Sources */,
				0F0907D31D1D229A0092C06E /* SMSSingleTableViewCell.m in Sources */,
				0F0907CC1D1CE54C0092C06E /* SXTBaseViewController.m in Sources */,
				0F39F95C1D129F8200C209DF /* MASLayoutConstraint.m in Sources */,
				0F1351461D1E85F50082AACA /* UIViewController+CategoryFangFa.m in Sources */,
				0F21E2EB1D1A8A6500811A0B /* VerifiViewController.m in Sources */,
				0F1351771D2225F20082AACA /* SMSDetailedViewController.m in Sources */,
				0F13515F1D20D05A0082AACA /* SMSCollectionModel.m in Sources */,
				0F39F9621D129F8200C209DF /* ViewController+MASAdditions.m in Sources */,
				0F39F95B1D129F8200C209DF /* MASConstraintMaker.m in Sources */,
				0F39F6221D1148DC00C209DF /* ShoppingViewController.m in Sources */,
				0F39F9391D1280FE00C209DF /* inputView.m in Sources */,
				0F13517B1D2257FB0082AACA /* SMSViewTop.m in Sources */,
				0F39F5FB1D113C7700C209DF /* main.m in Sources */,
				0F39F93C1D12810C00C209DF /* thirdView.m in Sources */,
				0F21E2E71D1A312B00811A0B /* chuceView.m in Sources */,
				0F1351671D211A340082AACA /* SMSListViewController.m in Sources */,
				0F39F95F1D129F8200C209DF /* NSArray+MASAdditions.m in Sources */,
				0F0907CF1D1D163E0092C06E /* SMSTableView.m in Sources */,
				0F39F95D1D129F8200C209DF /* MASViewAttribute.m in Sources */,
				0F936A4C1D23AF0B00D82DB8 /* SSCcollectionCell.m in Sources */,
				0F13515B1D20BF650082AACA /* CollectionViewCell.m in Sources */,
				0F1351631D20FA780082AACA /* UIColor+RandomColor.m in Sources */,
				0F39F9B61D13F2A500C209DF /* SMSBtn.m in Sources */,
				0F39F6251D1149B800C209DF /* ClassFicationViewController.m in Sources */,
				0F39F95A1D129F8200C209DF /* MASConstraint.m in Sources */,
				0F39FA781D19753500C209DF /* RegisteredViewController.m in Sources */,
				0F816A4D1D1BEA2B003B8768 /* verifiView.m in Sources */,
				0F1351731D2124510082AACA /* TopCollectionModel.m in Sources */,
			);
			runOnlyForDeploymentPostprocessing = 0;
		};
/* End PBXSourcesBuildPhase section */

/* Begin PBXVariantGroup section */
		0F39F6071D113C7700C209DF /* LaunchScreen.storyboard */ = {
			isa = PBXVariantGroup;
			children = (
				0F39F6081D113C7700C209DF /* Base */,
			);
			name = LaunchScreen.storyboard;
			sourceTree = "<group>";
		};
/* End PBXVariantGroup section */

/* Begin XCBuildConfiguration section */
		0F39F60B1D113C7700C209DF /* Debug */ = {
			isa = XCBuildConfiguration;
			buildSettings = {
				ALWAYS_SEARCH_USER_PATHS = NO;
				CLANG_ANALYZER_NONNULL = YES;
				CLANG_CXX_LANGUAGE_STANDARD = "gnu++0x";
				CLANG_CXX_LIBRARY = "libc++";
				CLANG_ENABLE_MODULES = YES;
				CLANG_ENABLE_OBJC_ARC = YES;
				CLANG_WARN_BOOL_CONVERSION = YES;
				CLANG_WARN_CONSTANT_CONVERSION = YES;
				CLANG_WARN_DIRECT_OBJC_ISA_USAGE = YES_ERROR;
				CLANG_WARN_EMPTY_BODY = YES;
				CLANG_WARN_ENUM_CONVERSION = YES;
				CLANG_WARN_INT_CONVERSION = YES;
				CLANG_WARN_OBJC_ROOT_CLASS = YES_ERROR;
				CLANG_WARN_UNREACHABLE_CODE = YES;
				CLANG_WARN__DUPLICATE_METHOD_MATCH = YES;
				"CODE_SIGN_IDENTITY[sdk=iphoneos*]" = "iPhone Developer";
				COPY_PHASE_STRIP = NO;
				DEBUG_INFORMATION_FORMAT = dwarf;
				ENABLE_STRICT_OBJC_MSGSEND = YES;
				ENABLE_TESTABILITY = YES;
				GCC_C_LANGUAGE_STANDARD = gnu99;
				GCC_DYNAMIC_NO_PIC = NO;
				GCC_NO_COMMON_BLOCKS = YES;
				GCC_OPTIMIZATION_LEVEL = 0;
				GCC_PREPROCESSOR_DEFINITIONS = (
					"DEBUG=1",
					"$(inherited)",
				);
				GCC_WARN_64_TO_32_BIT_CONVERSION = YES;
				GCC_WARN_ABOUT_RETURN_TYPE = YES_ERROR;
				GCC_WARN_UNDECLARED_SELECTOR = YES;
				GCC_WARN_UNINITIALIZED_AUTOS = YES_AGGRESSIVE;
				GCC_WARN_UNUSED_FUNCTION = YES;
				GCC_WARN_UNUSED_VARIABLE = YES;
				IPHONEOS_DEPLOYMENT_TARGET = 9.3;
				MTL_ENABLE_DEBUG_INFO = YES;
				ONLY_ACTIVE_ARCH = YES;
				SDKROOT = iphoneos;
			};
			name = Debug;
		};
		0F39F60C1D113C7700C209DF /* Release */ = {
			isa = XCBuildConfiguration;
			buildSettings = {
				ALWAYS_SEARCH_USER_PATHS = NO;
				CLANG_ANALYZER_NONNULL = YES;
				CLANG_CXX_LANGUAGE_STANDARD = "gnu++0x";
				CLANG_CXX_LIBRARY = "libc++";
				CLANG_ENABLE_MODULES = YES;
				CLANG_ENABLE_OBJC_ARC = YES;
				CLANG_WARN_BOOL_CONVERSION = YES;
				CLANG_WARN_CONSTANT_CONVERSION = YES;
				CLANG_WARN_DIRECT_OBJC_ISA_USAGE = YES_ERROR;
				CLANG_WARN_EMPTY_BODY = YES;
				CLANG_WARN_ENUM_CONVERSION = YES;
				CLANG_WARN_INT_CONVERSION = YES;
				CLANG_WARN_OBJC_ROOT_CLASS = YES_ERROR;
				CLANG_WARN_UNREACHABLE_CODE = YES;
				CLANG_WARN__DUPLICATE_METHOD_MATCH = YES;
				"CODE_SIGN_IDENTITY[sdk=iphoneos*]" = "iPhone Developer";
				COPY_PHASE_STRIP = NO;
				DEBUG_INFORMATION_FORMAT = "dwarf-with-dsym";
				ENABLE_NS_ASSERTIONS = NO;
				ENABLE_STRICT_OBJC_MSGSEND = YES;
				GCC_C_LANGUAGE_STANDARD = gnu99;
				GCC_NO_COMMON_BLOCKS = YES;
				GCC_WARN_64_TO_32_BIT_CONVERSION = YES;
				GCC_WARN_ABOUT_RETURN_TYPE = YES_ERROR;
				GCC_WARN_UNDECLARED_SELECTOR = YES;
				GCC_WARN_UNINITIALIZED_AUTOS = YES_AGGRESSIVE;
				GCC_WARN_UNUSED_FUNCTION = YES;
				GCC_WARN_UNUSED_VARIABLE = YES;
				IPHONEOS_DEPLOYMENT_TARGET = 9.3;
				MTL_ENABLE_DEBUG_INFO = NO;
				SDKROOT = iphoneos;
				VALIDATE_PRODUCT = YES;
			};
			name = Release;
		};
		0F39F60E1D113C7700C209DF /* Debug */ = {
			isa = XCBuildConfiguration;
			baseConfigurationReference = 0C0461DA118E58D7DF8A0460 /* Pods-毕业项目.debug.xcconfig */;
			buildSettings = {
				ASSETCATALOG_COMPILER_APPICON_NAME = AppIcon;
				"CODE_SIGN_IDENTITY[sdk=iphoneos*]" = "";
				INFOPLIST_FILE = "毕业项目/Info.plist";
				LD_RUNPATH_SEARCH_PATHS = "$(inherited) @executable_path/Frameworks";
				PRODUCT_BUNDLE_IDENTIFIER = "com.bjsxt.----";
				PRODUCT_NAME = "$(TARGET_NAME)";
			};
			name = Debug;
		};
		0F39F60F1D113C7700C209DF /* Release */ = {
			isa = XCBuildConfiguration;
			baseConfigurationReference = FEEA405D598D6A5048AD765E /* Pods-毕业项目.release.xcconfig */;
			buildSettings = {
				ASSETCATALOG_COMPILER_APPICON_NAME = AppIcon;
				CODE_SIGN_IDENTITY = "";
				INFOPLIST_FILE = "毕业项目/Info.plist";
				LD_RUNPATH_SEARCH_PATHS = "$(inherited) @executable_path/Frameworks";
				PRODUCT_BUNDLE_IDENTIFIER = "com.bjsxt.----";
				PRODUCT_NAME = "$(TARGET_NAME)";
			};
			name = Release;
		};
/* End XCBuildConfiguration section */

/* Begin XCConfigurationList section */
		0F39F5F11D113C7600C209DF /* Build configuration list for PBXProject "毕业项目" */ = {
			isa = XCConfigurationList;
			buildConfigurations = (
				0F39F60B1D113C7700C209DF /* Debug */,
				0F39F60C1D113C7700C209DF /* Release */,
			);
			defaultConfigurationIsVisible = 0;
			defaultConfigurationName = Release;
		};
		0F39F60D1D113C7700C209DF /* Build configuration list for PBXNativeTarget "毕业项目" */ = {
			isa = XCConfigurationList;
			buildConfigurations = (
				0F39F60E1D113C7700C209DF /* Debug */,
				0F39F60F1D113C7700C209DF /* Release */,
			);
			defaultConfigurationIsVisible = 0;
			defaultConfigurationName = Release;
		};
/* End XCConfigurationList section */
	};
	rootObject = 0F39F5EE1D113C7600C209DF /* Project object */;
}
